
Microsoft Visual Studio Solution File, Format Version 12.00
# Visual Studio Version 17
VisualStudioVersion = 17.10.35013.160
MinimumVisualStudioVersion = 10.0.40219.1
Project("{FAE04EC0-301F-11D3-BF4B-00C04F79EFBC}") = "IdentityMsg", "IdentityMsg\IdentityMsg.csproj", "{E4833CD7-55AB-4167-A9C0-42EE50141625}"
EndProject
Global
	GlobalSection(SolutionConfigurationPlatforms) = preSolution
		Debug|Any CPU = Debug|Any CPU
		Release|Any CPU = Release|Any CPU
	EndGlobalSection
	GlobalSection(ProjectConfigurationPlatforms) = postSolution
		{E4833CD7-55AB-4167-A9C0-42EE50141625}.Debug|Any CPU.ActiveCfg = Debug|Any CPU
		{E4833CD7-55AB-4167-A9C0-42EE50141625}.Debug|Any CPU.Build.0 = Debug|Any CPU
		{E4833CD7-55AB-4167-A9C0-42EE50141625}.Release|Any CPU.ActiveCfg = Release|Any CPU
		{E4833CD7-55AB-4167-A9C0-42EE50141625}.Release|Any CPU.Build.0 = Release|Any CPU
	EndGlobalSection
	GlobalSection(SolutionProperties) = preSolution
		HideSolutionNode = FALSE
	EndGlobalSection
	GlobalSection(ExtensibilityGlobals) = postSolution
		SolutionGuid = {B5863CB8-8E63-4A95-A54F-FD45D589C78F}
	EndGlobalSection
EndGlobal
